
Microsoft Visual Studio Solution File, Format Version 12.00
# Visual Studio Version 17
VisualStudioVersion = 17.4.33122.133
MinimumVisualStudioVersion = 10.0.40219.1
Project("{888888A0-9F3D-457C-B088-3A5042F75D52}") = "Euroopa riigid", "Euroopa riigid.pyproj", "{314DD417-8608-410F-9725-AA3780C3AD2D}"
EndProject
Global
	GlobalSection(SolutionConfigurationPlatforms) = preSolution
		Debug|Any CPU = Debug|Any CPU
		Release|Any CPU = Release|Any CPU
	EndGlobalSection
	GlobalSection(ProjectConfigurationPlatforms) = postSolution
		{314DD417-8608-410F-9725-AA3780C3AD2D}.Debug|Any CPU.ActiveCfg = Debug|Any CPU
		{314DD417-8608-410F-9725-AA3780C3AD2D}.Release|Any CPU.ActiveCfg = Release|Any CPU
	EndGlobalSection
	GlobalSection(SolutionProperties) = preSolution
		HideSolutionNode = FALSE
	EndGlobalSection
	GlobalSection(ExtensibilityGlobals) = postSolution
		SolutionGuid = {737C2134-B258-42F9-A65A-9001F2ACF1EC}
	EndGlobalSection
EndGlobal
